// !$*UTF8*$!
{
	archiveVersion = 1;
	classes = {
	};
	objectVersion = 50;
	objects = {

/* Begin PBXBuildFile section */
		2D22D85B266BDD37007AD2BC /* AppDelegate.swift in Sources */ = {isa = PBXBuildFile; fileRef = 2D22D85A266BDD37007AD2BC /* AppDelegate.swift */; };
		2D22D85D266BDD37007AD2BC /* SceneDelegate.swift in Sources */ = {isa = PBXBuildFile; fileRef = 2D22D85C266BDD37007AD2BC /* SceneDelegate.swift */; };
		2D22D85F266BDD37007AD2BC /* ViewController.swift in Sources */ = {isa = PBXBuildFile; fileRef = 2D22D85E266BDD37007AD2BC /* ViewController.swift */; };
		2D22D862266BDD37007AD2BC /* Main.storyboard in Resources */ = {isa = PBXBuildFile; fileRef = 2D22D860266BDD37007AD2BC /* Main.storyboard */; };
		2D22D865266BDD37007AD2BC /* To_do_list.xcdatamodeld in Sources */ = {isa = PBXBuildFile; fileRef = 2D22D863266BDD37007AD2BC /* To_do_list.xcdatamodeld */; };
		2D22D867266BDD3A007AD2BC /* Assets.xcassets in Resources */ = {isa = PBXBuildFile; fileRef = 2D22D866266BDD3A007AD2BC /* Assets.xcassets */; };
		2D22D86A266BDD3A007AD2BC /* LaunchScreen.storyboard in Resources */ = {isa = PBXBuildFile; fileRef = 2D22D868266BDD3A007AD2BC /* LaunchScreen.storyboard */; };
		2D22D875266BDD3A007AD2BC /* To_do_listTests.swift in Sources */ = {isa = PBXBuildFile; fileRef = 2D22D874266BDD3A007AD2BC /* To_do_listTests.swift */; };
		2D22D880266BDD3A007AD2BC /* To_do_listUITests.swift in Sources */ = {isa = PBXBuildFile; fileRef = 2D22D87F266BDD3A007AD2BC /* To_do_listUITests.swift */; };
		2D22D88F266BE09A007AD2BC /* Task+CoreDataClass.swift in Sources */ = {isa = PBXBuildFile; fileRef = 2D22D88D266BE09A007AD2BC /* Task+CoreDataClass.swift */; };
		2D22D895266BE123007AD2BC /* Task+CoreDataProperties.swift in Sources */ = {isa = PBXBuildFile; fileRef = 2D22D893266BE123007AD2BC /* Task+CoreDataProperties.swift */; };
		2D9FDCB5266BED1800C0FC82 /* PendingTasksViewController.swift in Sources */ = {isa = PBXBuildFile; fileRef = 2D9FDCB4266BED1800C0FC82 /* PendingTasksViewController.swift */; };
		2D9FDCB7266BF3A600C0FC82 /* CompletedTasksViewController.swift in Sources */ = {isa = PBXBuildFile; fileRef = 2D9FDCB6266BF3A600C0FC82 /* CompletedTasksViewController.swift */; };
		2D9FDCB9266BF3B300C0FC82 /* OverdueTasksViewController.swift in Sources */ = {isa = PBXBuildFile; fileRef = 2D9FDCB8266BF3B300C0FC82 /* OverdueTasksViewController.swift */; };
/* End PBXBuildFile section */

/* Begin PBXContainerItemProxy section */
		2D22D871266BDD3A007AD2BC /* PBXContainerItemProxy */ = {
			isa = PBXContainerItemProxy;
			containerPortal = 2D22D84F266BDD37007AD2BC /* Project object */;
			proxyType = 1;
			remoteGlobalIDString = 2D22D856266BDD37007AD2BC;
			remoteInfo = "To-do list";
		};
		2D22D87C266BDD3A007AD2BC /* PBXContainerItemProxy */ = {
			isa = PBXContainerItemProxy;
			containerPortal = 2D22D84F266BDD37007AD2BC /* Project object */;
			proxyType = 1;
			remoteGlobalIDString = 2D22D856266BDD37007AD2BC;
			remoteInfo = "To-do list";
		};
/* End PBXContainerItemProxy section */

/* Begin PBXFileReference section */
		2D22D857266BDD37007AD2BC /* To-do list.app */ = {isa = PBXFileReference; explicitFileType = wrapper.application; includeInIndex = 0; path = "To-do list.app"; sourceTree = BUILT_PRODUCTS_DIR; };
		2D22D85A266BDD37007AD2BC /* AppDelegate.swift */ = {isa = PBXFileReference; lastKnownFileType = sourcecode.swift; path = AppDelegate.swift; sourceTree = "<group>"; };
		2D22D85C266BDD37007AD2BC /* SceneDelegate.swift */ = {isa = PBXFileReference; lastKnownFileType = sourcecode.swift; path = SceneDelegate.swift; sourceTree = "<group>"; };
		2D22D85E266BDD37007AD2BC /* ViewController.swift */ = {isa = PBXFileReference; lastKnownFileType = sourcecode.swift; path = ViewController.swift; sourceTree = "<group>"; };
		2D22D861266BDD37007AD2BC /* Base */ = {isa = PBXFileReference; lastKnownFileType = file.storyboard; name = Base; path = Base.lproj/Main.storyboard; sourceTree = "<group>"; };
		2D22D864266BDD37007AD2BC /* To_do_list.xcdatamodel */ = {isa = PBXFileReference; lastKnownFileType = wrapper.xcdatamodel; path = To_do_list.xcdatamodel; sourceTree = "<group>"; };
		2D22D866266BDD3A007AD2BC /* Assets.xcassets */ = {isa = PBXFileReference; lastKnownFileType = folder.assetcatalog; path = Assets.xcassets; sourceTree = "<group>"; };
		2D22D869266BDD3A007AD2BC /* Base */ = {isa = PBXFileReference; lastKnownFileType = file.storyboard; name = Base; path = Base.lproj/LaunchScreen.storyboard; sourceTree = "<group>"; };
		2D22D86B266BDD3A007AD2BC /* Info.plist */ = {isa = PBXFileReference; lastKnownFileType = text.plist.xml; path = Info.plist; sourceTree = "<group>"; };
		2D22D870266BDD3A007AD2BC /* To-do listTests.xctest */ = {isa = PBXFileReference; explicitFileType = wrapper.cfbundle; includeInIndex = 0; path = "To-do listTests.xctest"; sourceTree = BUILT_PRODUCTS_DIR; };
		2D22D874266BDD3A007AD2BC /* To_do_listTests.swift */ = {isa = PBXFileReference; lastKnownFileType = sourcecode.swift; path = To_do_listTests.swift; sourceTree = "<group>"; };
		2D22D876266BDD3A007AD2BC /* Info.plist */ = {isa = PBXFileReference; lastKnownFileType = text.plist.xml; path = Info.plist; sourceTree = "<group>"; };
		2D22D87B266BDD3A007AD2BC /* To-do listUITests.xctest */ = {isa = PBXFileReference; explicitFileType = wrapper.cfbundle; includeInIndex = 0; path = "To-do listUITests.xctest"; sourceTree = BUILT_PRODUCTS_DIR; };
		2D22D87F266BDD3A007AD2BC /* To_do_listUITests.swift */ = {isa = PBXFileReference; lastKnownFileType = sourcecode.swift; path = To_do_listUITests.swift; sourceTree = "<group>"; };
		2D22D881266BDD3A007AD2BC /* Info.plist */ = {isa = PBXFileReference; lastKnownFileType = text.plist.xml; path = Info.plist; sourceTree = "<group>"; };
		2D22D88D266BE09A007AD2BC /* Task+CoreDataClass.swift */ = {isa = PBXFileReference; lastKnownFileType = sourcecode.swift; path = "Task+CoreDataClass.swift"; sourceTree = "<group>"; };
		2D22D893266BE123007AD2BC /* Task+CoreDataProperties.swift */ = {isa = PBXFileReference; lastKnownFileType = sourcecode.swift; name = "Task+CoreDataProperties.swift"; path = "../../Task+CoreDataProperties.swift"; sourceTree = "<group>"; };
		2D9FDCB4266BED1800C0FC82 /* PendingTasksViewController.swift */ = {isa = PBXFileReference; lastKnownFileType = sourcecode.swift; path = PendingTasksViewController.swift; sourceTree = "<group>"; };
		2D9FDCB6266BF3A600C0FC82 /* CompletedTasksViewController.swift */ = {isa = PBXFileReference; lastKnownFileType = sourcecode.swift; path = CompletedTasksViewController.swift; sourceTree = "<group>"; };
		2D9FDCB8266BF3B300C0FC82 /* OverdueTasksViewController.swift */ = {isa = PBXFileReference; lastKnownFileType = sourcecode.swift; path = OverdueTasksViewController.swift; sourceTree = "<group>"; };
/* End PBXFileReference section */

/* Begin PBXFrameworksBuildPhase section */
		2D22D854266BDD37007AD2BC /* Frameworks */ = {
			isa = PBXFrameworksBuildPhase;
			buildActionMask = 2147483647;
			files = (
			);
			runOnlyForDeploymentPostprocessing = 0;
		};
		2D22D86D266BDD3A007AD2BC /* Frameworks */ = {
			isa = PBXFrameworksBuildPhase;
			buildActionMask = 2147483647;
			files = (
			);
			runOnlyForDeploymentPostprocessing = 0;
		};
		2D22D878266BDD3A007AD2BC /* Frameworks */ = {
			isa = PBXFrameworksBuildPhase;
			buildActionMask = 2147483647;
			files = (
			);
			runOnlyForDeploymentPostprocessing = 0;
		};
/* End PBXFrameworksBuildPhase section */

/* Begin PBXGroup section */
		2D22D84E266BDD37007AD2BC = {
			isa = PBXGroup;
			children = (
				2D22D859266BDD37007AD2BC /* To-do list */,
				2D22D873266BDD3A007AD2BC /* To-do listTests */,
				2D22D87E266BDD3A007AD2BC /* To-do listUITests */,
				2D22D858266BDD37007AD2BC /* Products */,
			);
			sourceTree = "<group>";
		};
		2D22D858266BDD37007AD2BC /* Products */ = {
			isa = PBXGroup;
			children = (
				2D22D857266BDD37007AD2BC /* To-do list.app */,
				2D22D870266BDD3A007AD2BC /* To-do listTests.xctest */,
				2D22D87B266BDD3A007AD2BC /* To-do listUITests.xctest */,
			);
			name = Products;
			sourceTree = "<group>";
		};
		2D22D859266BDD37007AD2BC /* To-do list */ = {
			isa = PBXGroup;
			children = (
				2D22D891266BE0A3007AD2BC /* Models */,
				2D22D85A266BDD37007AD2BC /* AppDelegate.swift */,
				2D22D85C266BDD37007AD2BC /* SceneDelegate.swift */,
				2D22D85E266BDD37007AD2BC /* ViewController.swift */,
				2D22D860266BDD37007AD2BC /* Main.storyboard */,
				2D9FDCB4266BED1800C0FC82 /* PendingTasksViewController.swift */,
				2D9FDCB6266BF3A600C0FC82 /* CompletedTasksViewController.swift */,
				2D9FDCB8266BF3B300C0FC82 /* OverdueTasksViewController.swift */,
				2D22D866266BDD3A007AD2BC /* Assets.xcassets */,
				2D22D868266BDD3A007AD2BC /* LaunchScreen.storyboard */,
				2D22D86B266BDD3A007AD2BC /* Info.plist */,
				2D22D863266BDD37007AD2BC /* To_do_list.xcdatamodeld */,
			);
			path = "To-do list";
			sourceTree = "<group>";
		};
		2D22D873266BDD3A007AD2BC /* To-do listTests */ = {
			isa = PBXGroup;
			children = (
				2D22D874266BDD3A007AD2BC /* To_do_listTests.swift */,
				2D22D876266BDD3A007AD2BC /* Info.plist */,
			);
			path = "To-do listTests";
			sourceTree = "<group>";
		};
		2D22D87E266BDD3A007AD2BC /* To-do listUITests */ = {
			isa = PBXGroup;
			children = (
				2D22D87F266BDD3A007AD2BC /* To_do_listUITests.swift */,
				2D22D881266BDD3A007AD2BC /* Info.plist */,
			);
			path = "To-do listUITests";
			sourceTree = "<group>";
		};
		2D22D891266BE0A3007AD2BC /* Models */ = {
			isa = PBXGroup;
			children = (
				2D22D88D266BE09A007AD2BC /* Task+CoreDataClass.swift */,
				2D22D893266BE123007AD2BC /* Task+CoreDataProperties.swift */,
			);
			path = Models;
			sourceTree = "<group>";
		};
/* End PBXGroup section */

/* Begin PBXNativeTarget section */
		2D22D856266BDD37007AD2BC /* To-do list */ = {
			isa = PBXNativeTarget;
			buildConfigurationList = 2D22D884266BDD3A007AD2BC /* Build configuration list for PBXNativeTarget "To-do list" */;
			buildPhases = (
				2D22D853266BDD37007AD2BC /* Sources */,
				2D22D854266BDD37007AD2BC /* Frameworks */,
				2D22D855266BDD37007AD2BC /* Resources */,
			);
			buildRules = (
			);
			dependencies = (
			);
			name = "To-do list";
			productName = "To-do list";
			productReference = 2D22D857266BDD37007AD2BC /* To-do list.app */;
			productType = "com.apple.product-type.application";
		};
		2D22D86F266BDD3A007AD2BC /* To-do listTests */ = {
			isa = PBXNativeTarget;
			buildConfigurationList = 2D22D887266BDD3A007AD2BC /* Build configuration list for PBXNativeTarget "To-do listTests" */;
			buildPhases = (
				2D22D86C266BDD3A007AD2BC /* Sources */,
				2D22D86D266BDD3A007AD2BC /* Frameworks */,
				2D22D86E266BDD3A007AD2BC /* Resources */,
			);
			buildRules = (
			);
			dependencies = (
				2D22D872266BDD3A007AD2BC /* PBXTargetDependency */,
			);
			name = "To-do listTests";
			productName = "To-do listTests";
			productReference = 2D22D870266BDD3A007AD2BC /* To-do listTests.xctest */;
			productType = "com.apple.product-type.bundle.unit-test";
		};
		2D22D87A266BDD3A007AD2BC /* To-do listUITests */ = {
			isa = PBXNativeTarget;
			buildConfigurationList = 2D22D88A266BDD3A007AD2BC /* Build configuration list for PBXNativeTarget "To-do listUITests" */;
			buildPhases = (
				2D22D877266BDD3A007AD2BC /* Sources */,
				2D22D878266BDD3A007AD2BC /* Frameworks */,
				2D22D879266BDD3A007AD2BC /* Resources */,
			);
			buildRules = (
			);
			dependencies = (
				2D22D87D266BDD3A007AD2BC /* PBXTargetDependency */,
			);
			name = "To-do listUITests";
			productName = "To-do listUITests";
			productReference = 2D22D87B266BDD3A007AD2BC /* To-do listUITests.xctest */;
			productType = "com.apple.product-type.bundle.ui-testing";
		};
/* End PBXNativeTarget section */

/* Begin PBXProject section */
		2D22D84F266BDD37007AD2BC /* Project object */ = {
			isa = PBXProject;
			attributes = {
				LastSwiftUpdateCheck = 1250;
				LastUpgradeCheck = 1250;
				TargetAttributes = {
					2D22D856266BDD37007AD2BC = {
						CreatedOnToolsVersion = 12.5;
					};
					2D22D86F266BDD3A007AD2BC = {
						CreatedOnToolsVersion = 12.5;
						TestTargetID = 2D22D856266BDD37007AD2BC;
					};
					2D22D87A266BDD3A007AD2BC = {
						CreatedOnToolsVersion = 12.5;
						TestTargetID = 2D22D856266BDD37007AD2BC;
					};
				};
			};
			buildConfigurationList = 2D22D852266BDD37007AD2BC /* Build configuration list for PBXProject "To-do list" */;
			compatibilityVersion = "Xcode 9.3";
			developmentRegion = en;
			hasScannedForEncodings = 0;
			knownRegions = (
				en,
				Base,
			);
			mainGroup = 2D22D84E266BDD37007AD2BC;
			productRefGroup = 2D22D858266BDD37007AD2BC /* Products */;
			projectDirPath = "";
			projectRoot = "";
			targets = (
				2D22D856266BDD37007AD2BC /* To-do list */,
				2D22D86F266BDD3A007AD2BC /* To-do listTests */,
				2D22D87A266BDD3A007AD2BC /* To-do listUITests */,
			);
		};
/* End PBXProject section */

/* Begin PBXResourcesBuildPhase section */
		2D22D855266BDD37007AD2BC /* Resources */ = {
			isa = PBXResourcesBuildPhase;
			buildActionMask = 2147483647;
			files = (
				2D22D86A266BDD3A007AD2BC /* LaunchScreen.storyboard in Resources */,
				2D22D867266BDD3A007AD2BC /* Assets.xcassets in Resources */,
				2D22D862266BDD37007AD2BC /* Main.storyboard in Resources */,
			);
			runOnlyForDeploymentPostprocessing = 0;
		};
		2D22D86E266BDD3A007AD2BC /* Resources */ = {
			isa = PBXResourcesBuildPhase;
			buildActionMask = 2147483647;
			files = (
			);
			runOnlyForDeploymentPostprocessing = 0;
		};
		2D22D879266BDD3A007AD2BC /* Resources */ = {
			isa = PBXResourcesBuildPhase;
			buildActionMask = 2147483647;
			files = (
			);
			runOnlyForDeploymentPostprocessing = 0;
		};
/* End PBXResourcesBuildPhase section */

/* Begin PBXSourcesBuildPhase section */
		2D22D853266BDD37007AD2BC /* Sources */ = {
			isa = PBXSourcesBuildPhase;
			buildActionMask = 2147483647;
			files = (
				2D22D85F266BDD37007AD2BC /* ViewController.swift in Sources */,
				2D22D88F266BE09A007AD2BC /* Task+CoreDataClass.swift in Sources */,
				2D22D85B266BDD37007AD2BC /* AppDelegate.swift in Sources */,
				2D9FDCB7266BF3A600C0FC82 /* CompletedTasksViewController.swift in Sources */,
				2D22D85D266BDD37007AD2BC /* SceneDelegate.swift in Sources */,
				2D9FDCB9266BF3B300C0FC82 /* OverdueTasksViewController.swift in Sources */,
				2D22D895266BE123007AD2BC /* Task+CoreDataProperties.swift in Sources */,
				2D22D865266BDD37007AD2BC /* To_do_list.xcdatamodeld in Sources */,
				2D9FDCB5266BED1800C0FC82 /* PendingTasksViewController.swift in Sources */,
			);
			runOnlyForDeploymentPostprocessing = 0;
		};
		2D22D86C266BDD3A007AD2BC /* Sources */ = {
			isa = PBXSourcesBuildPhase;
			buildActionMask = 2147483647;
			files = (
				2D22D875266BDD3A007AD2BC /* To_do_listTests.swift in Sources */,
			);
			runOnlyForDeploymentPostprocessing = 0;
		};
		2D22D877266BDD3A007AD2BC /* Sources */ = {
			isa = PBXSourcesBuildPhase;
			buildActionMask = 2147483647;
			files = (
				2D22D880266BDD3A007AD2BC /* To_do_listUITests.swift in Sources */,
			);
			runOnlyForDeploymentPostprocessing = 0;
		};
/* End PBXSourcesBuildPhase section */

/* Begin PBXTargetDependency section */
		2D22D872266BDD3A007AD2BC /* PBXTargetDependency */ = {
			isa = PBXTargetDependency;
			target = 2D22D856266BDD37007AD2BC /* To-do list */;
			targetProxy = 2D22D871266BDD3A007AD2BC /* PBXContainerItemProxy */;
		};
		2D22D87D266BDD3A007AD2BC /* PBXTargetDependency */ = {
			isa = PBXTargetDependency;
			target = 2D22D856266BDD37007AD2BC /* To-do list */;
			targetProxy = 2D22D87C266BDD3A007AD2BC /* PBXContainerItemProxy */;
		};
/* End PBXTargetDependency section */

/* Begin PBXVariantGroup section */
		2D22D860266BDD37007AD2BC /* Main.storyboard */ = {
			isa = PBXVariantGroup;
			children = (
				2D22D861266BDD37007AD2BC /* Base */,
			);
			name = Main.storyboard;
			sourceTree = "<group>";
		};
		2D22D868266BDD3A007AD2BC /* LaunchScreen.storyboard */ = {
			isa = PBXVariantGroup;
			children = (
				2D22D869266BDD3A007AD2BC /* Base */,
			);
			name = LaunchScreen.storyboard;
			sourceTree = "<group>";
		};
/* End PBXVariantGroup section */

/* Begin XCBuildConfiguration section */
		2D22D882266BDD3A007AD2BC /* Debug */ = {
			isa = XCBuildConfiguration;
			buildSettings = {
				ALWAYS_SEARCH_USER_PATHS = NO;
				CLANG_ANALYZER_NONNULL = YES;
				CLANG_ANALYZER_NUMBER_OBJECT_CONVERSION = YES_AGGRESSIVE;
				CLANG_CXX_LANGUAGE_STANDARD = "gnu++14";
				CLANG_CXX_LIBRARY = "libc++";
				CLANG_ENABLE_MODULES = YES;
				CLANG_ENABLE_OBJC_ARC = YES;
				CLANG_ENABLE_OBJC_WEAK = YES;
				CLANG_WARN_BLOCK_CAPTURE_AUTORELEASING = YES;
				CLANG_WARN_BOOL_CONVERSION = YES;
				CLANG_WARN_COMMA = YES;
				CLANG_WARN_CONSTANT_CONVERSION = YES;
				CLANG_WARN_DEPRECATED_OBJC_IMPLEMENTATIONS = YES;
				CLANG_WARN_DIRECT_OBJC_ISA_USAGE = YES_ERROR;
				CLANG_WARN_DOCUMENTATION_COMMENTS = YES;
				CLANG_WARN_EMPTY_BODY = YES;
				CLANG_WARN_ENUM_CONVERSION = YES;
				CLANG_WARN_INFINITE_RECURSION = YES;
				CLANG_WARN_INT_CONVERSION = YES;
				CLANG_WARN_NON_LITERAL_NULL_CONVERSION = YES;
				CLANG_WARN_OBJC_IMPLICIT_RETAIN_SELF = YES;
				CLANG_WARN_OBJC_LITERAL_CONVERSION = YES;
				CLANG_WARN_OBJC_ROOT_CLASS = YES_ERROR;
				CLANG_WARN_QUOTED_INCLUDE_IN_FRAMEWORK_HEADER = YES;
				CLANG_WARN_RANGE_LOOP_ANALYSIS = YES;
				CLANG_WARN_STRICT_PROTOTYPES = YES;
				CLANG_WARN_SUSPICIOUS_MOVE = YES;
				CLANG_WARN_UNGUARDED_AVAILABILITY = YES_AGGRESSIVE;
				CLANG_WARN_UNREACHABLE_CODE = YES;
				CLANG_WARN__DUPLICATE_METHOD_MATCH = YES;
				COPY_PHASE_STRIP = NO;
				DEBUG_INFORMATION_FORMAT = dwarf;
				ENABLE_STRICT_OBJC_MSGSEND = YES;
				ENABLE_TESTABILITY = YES;
				GCC_C_LANGUAGE_STANDARD = gnu11;
				GCC_DYNAMIC_NO_PIC = NO;
				GCC_NO_COMMON_BLOCKS = YES;
				GCC_OPTIMIZATION_LEVEL = 0;
				GCC_PREPROCESSOR_DEFINITIONS = (
					"DEBUG=1",
					"$(inherited)",
				);
				GCC_WARN_64_TO_32_BIT_CONVERSION = YES;
				GCC_WARN_ABOUT_RETURN_TYPE = YES_ERROR;
				GCC_WARN_UNDECLARED_SELECTOR = YES;
				GCC_WARN_UNINITIALIZED_AUTOS = YES_AGGRESSIVE;
				GCC_WARN_UNUSED_FUNCTION = YES;
				GCC_WARN_UNUSED_VARIABLE = YES;
				IPHONEOS_DEPLOYMENT_TARGET = 14.5;
				MTL_ENABLE_DEBUG_INFO = INCLUDE_SOURCE;
				MTL_FAST_MATH = YES;
				ONLY_ACTIVE_ARCH = YES;
				SDKROOT = iphoneos;
				SWIFT_ACTIVE_COMPILATION_CONDITIONS = DEBUG;
				SWIFT_OPTIMIZATION_LEVEL = "-Onone";
			};
			name = Debug;
		};
		2D22D883266BDD3A007AD2BC /* Release */ = {
			isa = XCBuildConfiguration;
			buildSettings = {
				ALWAYS_SEARCH_USER_PATHS = NO;
				CLANG_ANALYZER_NONNULL = YES;
				CLANG_ANALYZER_NUMBER_OBJECT_CONVERSION = YES_AGGRESSIVE;
				CLANG_CXX_LANGUAGE_STANDARD = "gnu++14";
				CLANG_CXX_LIBRARY = "libc++";
				CLANG_ENABLE_MODULES = YES;
				CLANG_ENABLE_OBJC_ARC = YES;
				CLANG_ENABLE_OBJC_WEAK = YES;
				CLANG_WARN_BLOCK_CAPTURE_AUTORELEASING = YES;
				CLANG_WARN_BOOL_CONVERSION = YES;
				CLANG_WARN_COMMA = YES;
				CLANG_WARN_CONSTANT_CONVERSION = YES;
				CLANG_WARN_DEPRECATED_OBJC_IMPLEMENTATIONS = YES;
				CLANG_WARN_DIRECT_OBJC_ISA_USAGE = YES_ERROR;
				CLANG_WARN_DOCUMENTATION_COMMENTS = YES;
				CLANG_WARN_EMPTY_BODY = YES;
				CLANG_WARN_ENUM_CONVERSION = YES;
				CLANG_WARN_INFINITE_RECURSION = YES;
				CLANG_WARN_INT_CONVERSION = YES;
				CLANG_WARN_NON_LITERAL_NULL_CONVERSION = YES;
				CLANG_WARN_OBJC_IMPLICIT_RETAIN_SELF = YES;
				CLANG_WARN_OBJC_LITERAL_CONVERSION = YES;
				CLANG_WARN_OBJC_ROOT_CLASS = YES_ERROR;
				CLANG_WARN_QUOTED_INCLUDE_IN_FRAMEWORK_HEADER = YES;
				CLANG_WARN_RANGE_LOOP_ANALYSIS = YES;
				CLANG_WARN_STRICT_PROTOTYPES = YES;
				CLANG_WARN_SUSPICIOUS_MOVE = YES;
				CLANG_WARN_UNGUARDED_AVAILABILITY = YES_AGGRESSIVE;
				CLANG_WARN_UNREACHABLE_CODE = YES;
				CLANG_WARN__DUPLICATE_METHOD_MATCH = YES;
				COPY_PHASE_STRIP = NO;
				DEBUG_INFORMATION_FORMAT = "dwarf-with-dsym";
				ENABLE_NS_ASSERTIONS = NO;
				ENABLE_STRICT_OBJC_MSGSEND = YES;
				GCC_C_LANGUAGE_STANDARD = gnu11;
				GCC_NO_COMMON_BLOCKS = YES;
				GCC_WARN_64_TO_32_BIT_CONVERSION = YES;
				GCC_WARN_ABOUT_RETURN_TYPE = YES_ERROR;
				GCC_WARN_UNDECLARED_SELECTOR = YES;
				GCC_WARN_UNINITIALIZED_AUTOS = YES_AGGRESSIVE;
				GCC_WARN_UNUSED_FUNCTION = YES;
				GCC_WARN_UNUSED_VARIABLE = YES;
				IPHONEOS_DEPLOYMENT_TARGET = 14.5;
				MTL_ENABLE_DEBUG_INFO = NO;
				MTL_FAST_MATH = YES;
				SDKROOT = iphoneos;
				SWIFT_COMPILATION_MODE = wholemodule;
				SWIFT_OPTIMIZATION_LEVEL = "-O";
				VALIDATE_PRODUCT = YES;
			};
			name = Release;
		};
		2D22D885266BDD3A007AD2BC /* Debug */ = {
			isa = XCBuildConfiguration;
			buildSettings = {
				ASSETCATALOG_COMPILER_APPICON_NAME = AppIcon;
				ASSETCATALOG_COMPILER_GLOBAL_ACCENT_COLOR_NAME = AccentColor;
				CODE_SIGN_STYLE = Automatic;
				DEVELOPMENT_TEAM = LP6JG8Y485;
				INFOPLIST_FILE = "To-do list/Info.plist";
				LD_RUNPATH_SEARCH_PATHS = (
					"$(inherited)",
					"@executable_path/Frameworks",
				);
				PRODUCT_BUNDLE_IDENTIFIER = "home.To-do-list";
				PRODUCT_NAME = "$(TARGET_NAME)";
				SWIFT_VERSION = 5.0;
				TARGETED_DEVICE_FAMILY = "1,2";
			};
			name = Debug;
		};
		2D22D886266BDD3A007AD2BC /* Release */ = {
			isa = XCBuildConfiguration;
			buildSettings = {
				ASSETCATALOG_COMPILER_APPICON_NAME = AppIcon;
				ASSETCATALOG_COMPILER_GLOBAL_ACCENT_COLOR_NAME = AccentColor;
				CODE_SIGN_STYLE = Automatic;
				DEVELOPMENT_TEAM = LP6JG8Y485;
				INFOPLIST_FILE = "To-do list/Info.plist";
				LD_RUNPATH_SEARCH_PATHS = (
					"$(inherited)",
					"@executable_path/Frameworks",
				);
				PRODUCT_BUNDLE_IDENTIFIER = "home.To-do-list";
				PRODUCT_NAME = "$(TARGET_NAME)";
				SWIFT_VERSION = 5.0;
				TARGETED_DEVICE_FAMILY = "1,2";
			};
			name = Release;
		};
		2D22D888266BDD3A007AD2BC /* Debug */ = {
			isa = XCBuildConfiguration;
			buildSettings = {
				ALWAYS_EMBED_SWIFT_STANDARD_LIBRARIES = YES;
				BUNDLE_LOADER = "$(TEST_HOST)";
				CODE_SIGN_STYLE = Automatic;
				DEVELOPMENT_TEAM = LP6JG8Y485;
				INFOPLIST_FILE = "To-do listTests/Info.plist";
				IPHONEOS_DEPLOYMENT_TARGET = 14.5;
				LD_RUNPATH_SEARCH_PATHS = (
					"$(inherited)",
					"@executable_path/Frameworks",
					"@loader_path/Frameworks",
				);
				PRODUCT_BUNDLE_IDENTIFIER = "home.To-do-listTests";
				PRODUCT_NAME = "$(TARGET_NAME)";
				SWIFT_VERSION = 5.0;
				TARGETED_DEVICE_FAMILY = "1,2";
				TEST_HOST = "$(BUILT_PRODUCTS_DIR)/To-do list.app/To-do list";
			};
			name = Debug;
		};
		2D22D889266BDD3A007AD2BC /* Release */ = {
			isa = XCBuildConfiguration;
			buildSettings = {
				ALWAYS_EMBED_SWIFT_STANDARD_LIBRARIES = YES;
				BUNDLE_LOADER = "$(TEST_HOST)";
				CODE_SIGN_STYLE = Automatic;
				DEVELOPMENT_TEAM = LP6JG8Y485;
				INFOPLIST_FILE = "To-do listTests/Info.plist";
				IPHONEOS_DEPLOYMENT_TARGET = 14.5;
				LD_RUNPATH_SEARCH_PATHS = (
					"$(inherited)",
					"@executable_path/Frameworks",
					"@loader_path/Frameworks",
				);
				PRODUCT_BUNDLE_IDENTIFIER = "home.To-do-listTests";
				PRODUCT_NAME = "$(TARGET_NAME)";
				SWIFT_VERSION = 5.0;
				TARGETED_DEVICE_FAMILY = "1,2";
				TEST_HOST = "$(BUILT_PRODUCTS_DIR)/To-do list.app/To-do list";
			};
			name = Release;
		};
		2D22D88B266BDD3A007AD2BC /* Debug */ = {
			isa = XCBuildConfiguration;
			buildSettings = {
				ALWAYS_EMBED_SWIFT_STANDARD_LIBRARIES = YES;
				CODE_SIGN_STYLE = Automatic;
				DEVELOPMENT_TEAM = LP6JG8Y485;
				INFOPLIST_FILE = "To-do listUITests/Info.plist";
				LD_RUNPATH_SEARCH_PATHS = (
					"$(inherited)",
					"@executable_path/Frameworks",
					"@loader_path/Frameworks",
				);
				PRODUCT_BUNDLE_IDENTIFIER = "home.To-do-listUITests";
				PRODUCT_NAME = "$(TARGET_NAME)";
				SWIFT_VERSION = 5.0;
				TARGETED_DEVICE_FAMILY = "1,2";
				TEST_TARGET_NAME = "To-do list";
			};
			name = Debug;
		};
		2D22D88C266BDD3A007AD2BC /* Release */ = {
			isa = XCBuildConfiguration;
			buildSettings = {
				ALWAYS_EMBED_SWIFT_STANDARD_LIBRARIES = YES;
				CODE_SIGN_STYLE = Automatic;
				DEVELOPMENT_TEAM = LP6JG8Y485;
				INFOPLIST_FILE = "To-do listUITests/Info.plist";
				LD_RUNPATH_SEARCH_PATHS = (
					"$(inherited)",
					"@executable_path/Frameworks",
					"@loader_path/Frameworks",
				);
				PRODUCT_BUNDLE_IDENTIFIER = "home.To-do-listUITests";
				PRODUCT_NAME = "$(TARGET_NAME)";
				SWIFT_VERSION = 5.0;
				TARGETED_DEVICE_FAMILY = "1,2";
				TEST_TARGET_NAME = "To-do list";
			};
			name = Release;
		};
/* End XCBuildConfiguration section */

/* Begin XCConfigurationList section */
		2D22D852266BDD37007AD2BC /* Build configuration list for PBXProject "To-do list" */ = {
			isa = XCConfigurationList;
			buildConfigurations = (
				2D22D882266BDD3A007AD2BC /* Debug */,
				2D22D883266BDD3A007AD2BC /* Release */,
			);
			defaultConfigurationIsVisible = 0;
			defaultConfigurationName = Release;
		};
		2D22D884266BDD3A007AD2BC /* Build configuration list for PBXNativeTarget "To-do list" */ = {
			isa = XCConfigurationList;
			buildConfigurations = (
				2D22D885266BDD3A007AD2BC /* Debug */,
				2D22D886266BDD3A007AD2BC /* Release */,
			);
			defaultConfigurationIsVisible = 0;
			defaultConfigurationName = Release;
		};
		2D22D887266BDD3A007AD2BC /* Build configuration list for PBXNativeTarget "To-do listTests" */ = {
			isa = XCConfigurationList;
			buildConfigurations = (
				2D22D888266BDD3A007AD2BC /* Debug */,
				2D22D889266BDD3A007AD2BC /* Release */,
			);
			defaultConfigurationIsVisible = 0;
			defaultConfigurationName = Release;
		};
		2D22D88A266BDD3A007AD2BC /* Build configuration list for PBXNativeTarget "To-do listUITests" */ = {
			isa = XCConfigurationList;
			buildConfigurations = (
				2D22D88B266BDD3A007AD2BC /* Debug */,
				2D22D88C266BDD3A007AD2BC /* Release */,
			);
			defaultConfigurationIsVisible = 0;
			defaultConfigurationName = Release;
		};
/* End XCConfigurationList section */

/* Begin XCVersionGroup section */
		2D22D863266BDD37007AD2BC /* To_do_list.xcdatamodeld */ = {
			isa = XCVersionGroup;
			children = (
				2D22D864266BDD37007AD2BC /* To_do_list.xcdatamodel */,
			);
			currentVersion = 2D22D864266BDD37007AD2BC /* To_do_list.xcdatamodel */;
			path = To_do_list.xcdatamodeld;
			sourceTree = "<group>";
			versionGroupType = wrapper.xcdatamodel;
		};
/* End XCVersionGroup section */
	};
	rootObject = 2D22D84F266BDD37007AD2BC /* Project object */;
}
